PODS:
  - Alamofire (4.9.1)
  - Bond (7.6.6):
    - Differ (~> 1.4)
    - ReactiveKit (~> 3.14)
  - Differ (1.4.4)
  - ReactiveKit (3.16.1)
  - Realm (4.3.1):
    - Realm/Headers (= 4.3.1)
  - Realm/Headers (4.3.1)
  - RealmSwift (4.3.1):
    - Realm (= 4.3.1)

DEPENDENCIES:
  - Alamofire
  - Bond
  - Realm
  - RealmSwift

SPEC REPOS:
  trunk:
    - Alamofire
    - Bond
    - Differ
    - ReactiveKit
    - Realm
    - RealmSwift

SPEC CHECKSUMS:
  Alamofire: 85e8a02c69d6020a0d734f6054870d7ecb75cf18
  Bond: 9e7d901cf4ed825b6004a93dd0a7f1c7479e2834
  Differ: 5cd747e2f29c11ea9605eba7cb369df17e2b1ee2
  ReactiveKit: e75c4c10c2b2b6469bf7c8c177675f3ee8baa949
  Realm: 31dc40934081ef740f60feedc46d88473cbfeb40
  RealmSwift: b5199e9a41f67b99f51acf6874a6166f5fbe93d1

PODFILE CHECKSUM: 9e86e932d89dfdcb6d711710b53038df05de3bb5

COCOAPODS: 1.8.4
