PODS:
  - Alamofire (4.8.0)
  - Bond (6.10.2):
    - Differ (~> 1.3)
    - ReactiveKit (~> 3.9)
  - Differ (1.3.0)
  - ReactiveKit (3.9.7)
  - Realm (3.12.0):
    - Realm/Headers (= 3.12.0)
  - Realm/Headers (3.12.0)
  - RealmSwift (3.12.0):
    - Realm (= 3.12.0)

DEPENDENCIES:
  - Alamofire
  - Bond
  - Realm
  - RealmSwift

SPEC REPOS:
  https://github.com/cocoapods/specs.git:
    - Alamofire
    - Bond
    - Differ
    - ReactiveKit
    - Realm
    - RealmSwift

SPEC CHECKSUMS:
  Alamofire: 3ec537f71edc9804815215393ae2b1a8ea33a844
  Bond: 5c9d854fb14d3268496ccaf9b7ccd8428ec1609c
  Differ: 9fcee7602542d7c6484ce05a0faec1c11258ed63
  ReactiveKit: 5f4c440715d671901c382ae6b42ed3337ce4699b
  Realm: cdaef23c4ddb36ab1ddffed23f5a7f3332fc5585
  RealmSwift: 5576324033f0aa5ef1e0a839a3da2281dff47a7f

PODFILE CHECKSUM: 0fb058e073cf26a3d2bbd2ec09970a7eb58cf1ac

COCOAPODS: 1.5.3
