// !$*UTF8*$!
{
	archiveVersion = 1;
	classes = {
	};
	objectVersion = 46;
	objects = {

/* Begin PBXBuildFile section */
		65574E4F1F4CB28B000D717E /* GHSearchResponse.swift in Sources */ = {isa = PBXBuildFile; fileRef = 65574E4E1F4CB28B000D717E /* GHSearchResponse.swift */; };
		65BBB94B1F4B3425001A378C /* AppDelegate.swift in Sources */ = {isa = PBXBuildFile; fileRef = 65BBB94A1F4B3425001A378C /* AppDelegate.swift */; };
		65BBB94D1F4B3425001A378C /* ViewController.swift in Sources */ = {isa = PBXBuildFile; fileRef = 65BBB94C1F4B3425001A378C /* ViewController.swift */; };
		65BBB9501F4B3425001A378C /* Main.storyboard in Resources */ = {isa = PBXBuildFile; fileRef = 65BBB94E1F4B3425001A378C /* Main.storyboard */; };
		65BBB9521F4B3425001A378C /* Assets.xcassets in Resources */ = {isa = PBXBuildFile; fileRef = 65BBB9511F4B3425001A378C /* Assets.xcassets */; };
		65BBB9551F4B3425001A378C /* LaunchScreen.storyboard in Resources */ = {isa = PBXBuildFile; fileRef = 65BBB9531F4B3425001A378C /* LaunchScreen.storyboard */; };
		65BBB9601F4B3425001A378C /* UsersTaskTests.swift in Sources */ = {isa = PBXBuildFile; fileRef = 65BBB95F1F4B3425001A378C /* UsersTaskTests.swift */; };
		65BBB9851F4C1BFE001A378C /* Dispatcher.swift in Sources */ = {isa = PBXBuildFile; fileRef = 65BBB97B1F4C1BFE001A378C /* Dispatcher.swift */; };
		65BBB9861F4C1BFE001A378C /* Environment.swift in Sources */ = {isa = PBXBuildFile; fileRef = 65BBB97C1F4C1BFE001A378C /* Environment.swift */; };
		65BBB9871F4C1BFE001A378C /* NetworkDispatcher.swift in Sources */ = {isa = PBXBuildFile; fileRef = 65BBB97D1F4C1BFE001A378C /* NetworkDispatcher.swift */; };
		65BBB9881F4C1BFE001A378C /* UsersTask.swift in Sources */ = {isa = PBXBuildFile; fileRef = 65BBB97F1F4C1BFE001A378C /* UsersTask.swift */; };
		65BBB9891F4C1BFE001A378C /* Operation.swift in Sources */ = {isa = PBXBuildFile; fileRef = 65BBB9801F4C1BFE001A378C /* Operation.swift */; };
		65BBB98A1F4C1BFE001A378C /* Request.swift in Sources */ = {isa = PBXBuildFile; fileRef = 65BBB9821F4C1BFE001A378C /* Request.swift */; };
		65BBB98B1F4C1BFE001A378C /* UserRequests.swift in Sources */ = {isa = PBXBuildFile; fileRef = 65BBB9831F4C1BFE001A378C /* UserRequests.swift */; };
		65BBB98C1F4C1BFE001A378C /* Response.swift in Sources */ = {isa = PBXBuildFile; fileRef = 65BBB9841F4C1BFE001A378C /* Response.swift */; };
		65BBB98F1F4C20EF001A378C /* GHUser.swift in Sources */ = {isa = PBXBuildFile; fileRef = 65BBB98E1F4C20EF001A378C /* GHUser.swift */; };
		68F29CC511E1E33C1BF14197 /* Pods_TryNetworkLayer.framework in Frameworks */ = {isa = PBXBuildFile; fileRef = 33C93B304CAF494F6F0CBDE3 /* Pods_TryNetworkLayer.framework */; };
		71D2DCE9B0DA5EBF5560FDB7 /* Pods_TryNetworkLayerTests.framework in Frameworks */ = {isa = PBXBuildFile; fileRef = D5778DED85755B053D2ECA77 /* Pods_TryNetworkLayerTests.framework */; };
/* End PBXBuildFile section */

/* Begin PBXContainerItemProxy section */
		65BBB95C1F4B3425001A378C /* PBXContainerItemProxy */ = {
			isa = PBXContainerItemProxy;
			containerPortal = 65BBB93F1F4B3425001A378C /* Project object */;
			proxyType = 1;
			remoteGlobalIDString = 65BBB9461F4B3425001A378C;
			remoteInfo = TryNetworkLayer;
		};
/* End PBXContainerItemProxy section */

/* Begin PBXFileReference section */
		0836DE4AD52DBF6BA81CBA10 /* Pods-TryNetworkLayerTests.debug.xcconfig */ = {isa = PBXFileReference; includeInIndex = 1; lastKnownFileType = text.xcconfig; name = "Pods-TryNetworkLayerTests.debug.xcconfig"; path = "Pods/Target Support Files/Pods-TryNetworkLayerTests/Pods-TryNetworkLayerTests.debug.xcconfig"; sourceTree = "<group>"; };
		33C93B304CAF494F6F0CBDE3 /* Pods_TryNetworkLayer.framework */ = {isa = PBXFileReference; explicitFileType = wrapper.framework; includeInIndex = 0; path = Pods_TryNetworkLayer.framework; sourceTree = BUILT_PRODUCTS_DIR; };
		481957511129CFD30FF2FAB7 /* Pods-TryNetworkLayer.debug.xcconfig */ = {isa = PBXFileReference; includeInIndex = 1; lastKnownFileType = text.xcconfig; name = "Pods-TryNetworkLayer.debug.xcconfig"; path = "Pods/Target Support Files/Pods-TryNetworkLayer/Pods-TryNetworkLayer.debug.xcconfig"; sourceTree = "<group>"; };
		65574E4E1F4CB28B000D717E /* GHSearchResponse.swift */ = {isa = PBXFileReference; fileEncoding = 4; lastKnownFileType = sourcecode.swift; path = GHSearchResponse.swift; sourceTree = "<group>"; };
		65BBB9471F4B3425001A378C /* TryNetworkLayer.app */ = {isa = PBXFileReference; explicitFileType = wrapper.application; includeInIndex = 0; path = TryNetworkLayer.app; sourceTree = BUILT_PRODUCTS_DIR; };
		65BBB94A1F4B3425001A378C /* AppDelegate.swift */ = {isa = PBXFileReference; lastKnownFileType = sourcecode.swift; path = AppDelegate.swift; sourceTree = "<group>"; };
		65BBB94C1F4B3425001A378C /* ViewController.swift */ = {isa = PBXFileReference; lastKnownFileType = sourcecode.swift; path = ViewController.swift; sourceTree = "<group>"; };
		65BBB94F1F4B3425001A378C /* Base */ = {isa = PBXFileReference; lastKnownFileType = file.storyboard; name = Base; path = Base.lproj/Main.storyboard; sourceTree = "<group>"; };
		65BBB9511F4B3425001A378C /* Assets.xcassets */ = {isa = PBXFileReference; lastKnownFileType = folder.assetcatalog; path = Assets.xcassets; sourceTree = "<group>"; };
		65BBB9541F4B3425001A378C /* Base */ = {isa = PBXFileReference; lastKnownFileType = file.storyboard; name = Base; path = Base.lproj/LaunchScreen.storyboard; sourceTree = "<group>"; };
		65BBB9561F4B3425001A378C /* Info.plist */ = {isa = PBXFileReference; lastKnownFileType = text.plist.xml; path = Info.plist; sourceTree = "<group>"; };
		65BBB95B1F4B3425001A378C /* TryNetworkLayerTests.xctest */ = {isa = PBXFileReference; explicitFileType = wrapper.cfbundle; includeInIndex = 0; path = TryNetworkLayerTests.xctest; sourceTree = BUILT_PRODUCTS_DIR; };
		65BBB95F1F4B3425001A378C /* UsersTaskTests.swift */ = {isa = PBXFileReference; lastKnownFileType = sourcecode.swift; path = UsersTaskTests.swift; sourceTree = "<group>"; };
		65BBB9611F4B3425001A378C /* Info.plist */ = {isa = PBXFileReference; lastKnownFileType = text.plist.xml; path = Info.plist; sourceTree = "<group>"; };
		65BBB97B1F4C1BFE001A378C /* Dispatcher.swift */ = {isa = PBXFileReference; fileEncoding = 4; lastKnownFileType = sourcecode.swift; path = Dispatcher.swift; sourceTree = "<group>"; };
		65BBB97C1F4C1BFE001A378C /* Environment.swift */ = {isa = PBXFileReference; fileEncoding = 4; lastKnownFileType = sourcecode.swift; path = Environment.swift; sourceTree = "<group>"; };
		65BBB97D1F4C1BFE001A378C /* NetworkDispatcher.swift */ = {isa = PBXFileReference; fileEncoding = 4; lastKnownFileType = sourcecode.swift; path = NetworkDispatcher.swift; sourceTree = "<group>"; };
		65BBB97F1F4C1BFE001A378C /* UsersTask.swift */ = {isa = PBXFileReference; fileEncoding = 4; lastKnownFileType = sourcecode.swift; path = UsersTask.swift; sourceTree = "<group>"; };
		65BBB9801F4C1BFE001A378C /* Operation.swift */ = {isa = PBXFileReference; fileEncoding = 4; lastKnownFileType = sourcecode.swift; path = Operation.swift; sourceTree = "<group>"; };
		65BBB9821F4C1BFE001A378C /* Request.swift */ = {isa = PBXFileReference; fileEncoding = 4; lastKnownFileType = sourcecode.swift; path = Request.swift; sourceTree = "<group>"; };
		65BBB9831F4C1BFE001A378C /* UserRequests.swift */ = {isa = PBXFileReference; fileEncoding = 4; lastKnownFileType = sourcecode.swift; path = UserRequests.swift; sourceTree = "<group>"; };
		65BBB9841F4C1BFE001A378C /* Response.swift */ = {isa = PBXFileReference; fileEncoding = 4; lastKnownFileType = sourcecode.swift; path = Response.swift; sourceTree = "<group>"; };
		65BBB98E1F4C20EF001A378C /* GHUser.swift */ = {isa = PBXFileReference; fileEncoding = 4; lastKnownFileType = sourcecode.swift; path = GHUser.swift; sourceTree = "<group>"; };
		70317769F58A0F7C9C02A880 /* Pods-TryNetworkLayer.release.xcconfig */ = {isa = PBXFileReference; includeInIndex = 1; lastKnownFileType = text.xcconfig; name = "Pods-TryNetworkLayer.release.xcconfig"; path = "Pods/Target Support Files/Pods-TryNetworkLayer/Pods-TryNetworkLayer.release.xcconfig"; sourceTree = "<group>"; };
		D5778DED85755B053D2ECA77 /* Pods_TryNetworkLayerTests.framework */ = {isa = PBXFileReference; explicitFileType = wrapper.framework; includeInIndex = 0; path = Pods_TryNetworkLayerTests.framework; sourceTree = BUILT_PRODUCTS_DIR; };
		F12E36E06B093B2BE5243A87 /* Pods-TryNetworkLayerTests.release.xcconfig */ = {isa = PBXFileReference; includeInIndex = 1; lastKnownFileType = text.xcconfig; name = "Pods-TryNetworkLayerTests.release.xcconfig"; path = "Pods/Target Support Files/Pods-TryNetworkLayerTests/Pods-TryNetworkLayerTests.release.xcconfig"; sourceTree = "<group>"; };
/* End PBXFileReference section */

/* Begin PBXFrameworksBuildPhase section */
		65BBB9441F4B3425001A378C /* Frameworks */ = {
			isa = PBXFrameworksBuildPhase;
			buildActionMask = 2147483647;
			files = (
				68F29CC511E1E33C1BF14197 /* Pods_TryNetworkLayer.framework in Frameworks */,
			);
			runOnlyForDeploymentPostprocessing = 0;
		};
		65BBB9581F4B3425001A378C /* Frameworks */ = {
			isa = PBXFrameworksBuildPhase;
			buildActionMask = 2147483647;
			files = (
				71D2DCE9B0DA5EBF5560FDB7 /* Pods_TryNetworkLayerTests.framework in Frameworks */,
			);
			runOnlyForDeploymentPostprocessing = 0;
		};
/* End PBXFrameworksBuildPhase section */

/* Begin PBXGroup section */
		65BBB93E1F4B3425001A378C = {
			isa = PBXGroup;
			children = (
				65BBB9491F4B3425001A378C /* TryNetworkLayer */,
				65BBB95E1F4B3425001A378C /* TryNetworkLayerTests */,
				65BBB9481F4B3425001A378C /* Products */,
				B0D51834E783E380996356F5 /* Pods */,
				A68FFA4D1D6D3AD10C59AADB /* Frameworks */,
			);
			sourceTree = "<group>";
		};
		65BBB9481F4B3425001A378C /* Products */ = {
			isa = PBXGroup;
			children = (
				65BBB9471F4B3425001A378C /* TryNetworkLayer.app */,
				65BBB95B1F4B3425001A378C /* TryNetworkLayerTests.xctest */,
			);
			name = Products;
			sourceTree = "<group>";
		};
		65BBB9491F4B3425001A378C /* TryNetworkLayer */ = {
			isa = PBXGroup;
			children = (
				65BBB9511F4B3425001A378C /* Assets.xcassets */,
				65BBB94A1F4B3425001A378C /* AppDelegate.swift */,
				65BBB94C1F4B3425001A378C /* ViewController.swift */,
				65BBB98D1F4C20EF001A378C /* Models */,
				65BBB96A1F4B354F001A378C /* Network */,
				65BBB94E1F4B3425001A378C /* Main.storyboard */,
				65BBB9531F4B3425001A378C /* LaunchScreen.storyboard */,
				65BBB9561F4B3425001A378C /* Info.plist */,
			);
			path = TryNetworkLayer;
			sourceTree = "<group>";
		};
		65BBB95E1F4B3425001A378C /* TryNetworkLayerTests */ = {
			isa = PBXGroup;
			children = (
				65BBB95F1F4B3425001A378C /* UsersTaskTests.swift */,
				65BBB9611F4B3425001A378C /* Info.plist */,
			);
			path = TryNetworkLayerTests;
			sourceTree = "<group>";
		};
		65BBB96A1F4B354F001A378C /* Network */ = {
			isa = PBXGroup;
			children = (
				65BBB97C1F4C1BFE001A378C /* Environment.swift */,
				65BBB9841F4C1BFE001A378C /* Response.swift */,
				65BBB97B1F4C1BFE001A378C /* Dispatcher.swift */,
				65BBB97D1F4C1BFE001A378C /* NetworkDispatcher.swift */,
				65BBB9811F4C1BFE001A378C /* Requests */,
				65BBB97E1F4C1BFE001A378C /* Operations */,
			);
			path = Network;
			sourceTree = "<group>";
		};
		65BBB97E1F4C1BFE001A378C /* Operations */ = {
			isa = PBXGroup;
			children = (
				65BBB9801F4C1BFE001A378C /* Operation.swift */,
				65BBB97F1F4C1BFE001A378C /* UsersTask.swift */,
			);
			path = Operations;
			sourceTree = "<group>";
		};
		65BBB9811F4C1BFE001A378C /* Requests */ = {
			isa = PBXGroup;
			children = (
				65BBB9821F4C1BFE001A378C /* Request.swift */,
				65BBB9831F4C1BFE001A378C /* UserRequests.swift */,
			);
			path = Requests;
			sourceTree = "<group>";
		};
		65BBB98D1F4C20EF001A378C /* Models */ = {
			isa = PBXGroup;
			children = (
				65574E4E1F4CB28B000D717E /* GHSearchResponse.swift */,
				65BBB98E1F4C20EF001A378C /* GHUser.swift */,
			);
			path = Models;
			sourceTree = "<group>";
		};
		A68FFA4D1D6D3AD10C59AADB /* Frameworks */ = {
			isa = PBXGroup;
			children = (
				33C93B304CAF494F6F0CBDE3 /* Pods_TryNetworkLayer.framework */,
				D5778DED85755B053D2ECA77 /* Pods_TryNetworkLayerTests.framework */,
			);
			name = Frameworks;
			sourceTree = "<group>";
		};
		B0D51834E783E380996356F5 /* Pods */ = {
			isa = PBXGroup;
			children = (
				481957511129CFD30FF2FAB7 /* Pods-TryNetworkLayer.debug.xcconfig */,
				70317769F58A0F7C9C02A880 /* Pods-TryNetworkLayer.release.xcconfig */,
				0836DE4AD52DBF6BA81CBA10 /* Pods-TryNetworkLayerTests.debug.xcconfig */,
				F12E36E06B093B2BE5243A87 /* Pods-TryNetworkLayerTests.release.xcconfig */,
			);
			name = Pods;
			sourceTree = "<group>";
		};
/* End PBXGroup section */

/* Begin PBXNativeTarget section */
		65BBB9461F4B3425001A378C /* TryNetworkLayer */ = {
			isa = PBXNativeTarget;
			buildConfigurationList = 65BBB9641F4B3425001A378C /* Build configuration list for PBXNativeTarget "TryNetworkLayer" */;
			buildPhases = (
				512C133767EFAC3DF25EF72A /* [CP] Check Pods Manifest.lock */,
				65BBB9431F4B3425001A378C /* Sources */,
				65BBB9441F4B3425001A378C /* Frameworks */,
				65BBB9451F4B3425001A378C /* Resources */,
				FCEEF52B36D0270B6CF15D94 /* [CP] Embed Pods Frameworks */,
				C010EB67F28461E7D71DB074 /* [CP] Copy Pods Resources */,
			);
			buildRules = (
			);
			dependencies = (
			);
			name = TryNetworkLayer;
			productName = TryNetworkLayer;
			productReference = 65BBB9471F4B3425001A378C /* TryNetworkLayer.app */;
			productType = "com.apple.product-type.application";
		};
		65BBB95A1F4B3425001A378C /* TryNetworkLayerTests */ = {
			isa = PBXNativeTarget;
			buildConfigurationList = 65BBB9671F4B3425001A378C /* Build configuration list for PBXNativeTarget "TryNetworkLayerTests" */;
			buildPhases = (
				ECAC03E2D8A8F7EA385D072D /* [CP] Check Pods Manifest.lock */,
				65BBB9571F4B3425001A378C /* Sources */,
				65BBB9581F4B3425001A378C /* Frameworks */,
				65BBB9591F4B3425001A378C /* Resources */,
				4086EE73534D131B4DE137D5 /* [CP] Embed Pods Frameworks */,
				3CCE6D762A51DFC8D65FAE45 /* [CP] Copy Pods Resources */,
			);
			buildRules = (
			);
			dependencies = (
				65BBB95D1F4B3425001A378C /* PBXTargetDependency */,
			);
			name = TryNetworkLayerTests;
			productName = TryNetworkLayerTests;
			productReference = 65BBB95B1F4B3425001A378C /* TryNetworkLayerTests.xctest */;
			productType = "com.apple.product-type.bundle.unit-test";
		};
/* End PBXNativeTarget section */

/* Begin PBXProject section */
		65BBB93F1F4B3425001A378C /* Project object */ = {
			isa = PBXProject;
			attributes = {
				LastSwiftUpdateCheck = 0830;
				LastUpgradeCheck = 0830;
				ORGANIZATIONNAME = "Ennova Research Srl";
				TargetAttributes = {
					65BBB9461F4B3425001A378C = {
						CreatedOnToolsVersion = 8.3.3;
						DevelopmentTeam = A2VGE7F94S;
						ProvisioningStyle = Automatic;
					};
					65BBB95A1F4B3425001A378C = {
						CreatedOnToolsVersion = 8.3.3;
						DevelopmentTeam = A2VGE7F94S;
						ProvisioningStyle = Automatic;
						TestTargetID = 65BBB9461F4B3425001A378C;
					};
				};
			};
			buildConfigurationList = 65BBB9421F4B3425001A378C /* Build configuration list for PBXProject "TryNetworkLayer" */;
			compatibilityVersion = "Xcode 3.2";
			developmentRegion = English;
			hasScannedForEncodings = 0;
			knownRegions = (
				en,
				Base,
			);
			mainGroup = 65BBB93E1F4B3425001A378C;
			productRefGroup = 65BBB9481F4B3425001A378C /* Products */;
			projectDirPath = "";
			projectRoot = "";
			targets = (
				65BBB9461F4B3425001A378C /* TryNetworkLayer */,
				65BBB95A1F4B3425001A378C /* TryNetworkLayerTests */,
			);
		};
/* End PBXProject section */

/* Begin PBXResourcesBuildPhase section */
		65BBB9451F4B3425001A378C /* Resources */ = {
			isa = PBXResourcesBuildPhase;
			buildActionMask = 2147483647;
			files = (
				65BBB9551F4B3425001A378C /* LaunchScreen.storyboard in Resources */,
				65BBB9521F4B3425001A378C /* Assets.xcassets in Resources */,
				65BBB9501F4B3425001A378C /* Main.storyboard in Resources */,
			);
			runOnlyForDeploymentPostprocessing = 0;
		};
		65BBB9591F4B3425001A378C /* Resources */ = {
			isa = PBXResourcesBuildPhase;
			buildActionMask = 2147483647;
			files = (
			);
			runOnlyForDeploymentPostprocessing = 0;
		};
/* End PBXResourcesBuildPhase section */

/* Begin PBXShellScriptBuildPhase section */
		3CCE6D762A51DFC8D65FAE45 /* [CP] Copy Pods Resources */ = {
			isa = PBXShellScriptBuildPhase;
			buildActionMask = 2147483647;
			files = (
			);
			inputPaths = (
			);
			name = "[CP] Copy Pods Resources";
			outputPaths = (
			);
			runOnlyForDeploymentPostprocessing = 0;
			shellPath = /bin/sh;
			shellScript = "\"${SRCROOT}/Pods/Target Support Files/Pods-TryNetworkLayerTests/Pods-TryNetworkLayerTests-resources.sh\"\n";
			showEnvVarsInLog = 0;
		};
		4086EE73534D131B4DE137D5 /* [CP] Embed Pods Frameworks */ = {
			isa = PBXShellScriptBuildPhase;
			buildActionMask = 2147483647;
			files = (
			);
			inputPaths = (
			);
			name = "[CP] Embed Pods Frameworks";
			outputPaths = (
			);
			runOnlyForDeploymentPostprocessing = 0;
			shellPath = /bin/sh;
			shellScript = "\"${SRCROOT}/Pods/Target Support Files/Pods-TryNetworkLayerTests/Pods-TryNetworkLayerTests-frameworks.sh\"\n";
			showEnvVarsInLog = 0;
		};
		512C133767EFAC3DF25EF72A /* [CP] Check Pods Manifest.lock */ = {
			isa = PBXShellScriptBuildPhase;
			buildActionMask = 2147483647;
			files = (
			);
			inputPaths = (
				"${PODS_PODFILE_DIR_PATH}/Podfile.lock",
				"${PODS_ROOT}/Manifest.lock",
			);
			name = "[CP] Check Pods Manifest.lock";
			outputPaths = (
				"$(DERIVED_FILE_DIR)/Pods-TryNetworkLayer-checkManifestLockResult.txt",
			);
			runOnlyForDeploymentPostprocessing = 0;
			shellPath = /bin/sh;
			shellScript = "diff \"${PODS_PODFILE_DIR_PATH}/Podfile.lock\" \"${PODS_ROOT}/Manifest.lock\" > /dev/null\nif [ $? != 0 ] ; then\n    # print error to STDERR\n    echo \"error: The sandbox is not in sync with the Podfile.lock. Run 'pod install' or update your CocoaPods installation.\" >&2\n    exit 1\nfi\n# This output is used by Xcode 'outputs' to avoid re-running this script phase.\necho \"SUCCESS\" > \"${SCRIPT_OUTPUT_FILE_0}\"\n";
			showEnvVarsInLog = 0;
		};
		C010EB67F28461E7D71DB074 /* [CP] Copy Pods Resources */ = {
			isa = PBXShellScriptBuildPhase;
			buildActionMask = 2147483647;
			files = (
			);
			inputPaths = (
			);
			name = "[CP] Copy Pods Resources";
			outputPaths = (
			);
			runOnlyForDeploymentPostprocessing = 0;
			shellPath = /bin/sh;
			shellScript = "\"${SRCROOT}/Pods/Target Support Files/Pods-TryNetworkLayer/Pods-TryNetworkLayer-resources.sh\"\n";
			showEnvVarsInLog = 0;
		};
		ECAC03E2D8A8F7EA385D072D /* [CP] Check Pods Manifest.lock */ = {
			isa = PBXShellScriptBuildPhase;
			buildActionMask = 2147483647;
			files = (
			);
			inputPaths = (
				"${PODS_PODFILE_DIR_PATH}/Podfile.lock",
				"${PODS_ROOT}/Manifest.lock",
			);
			name = "[CP] Check Pods Manifest.lock";
			outputPaths = (
				"$(DERIVED_FILE_DIR)/Pods-TryNetworkLayerTests-checkManifestLockResult.txt",
			);
			runOnlyForDeploymentPostprocessing = 0;
			shellPath = /bin/sh;
			shellScript = "diff \"${PODS_PODFILE_DIR_PATH}/Podfile.lock\" \"${PODS_ROOT}/Manifest.lock\" > /dev/null\nif [ $? != 0 ] ; then\n    # print error to STDERR\n    echo \"error: The sandbox is not in sync with the Podfile.lock. Run 'pod install' or update your CocoaPods installation.\" >&2\n    exit 1\nfi\n# This output is used by Xcode 'outputs' to avoid re-running this script phase.\necho \"SUCCESS\" > \"${SCRIPT_OUTPUT_FILE_0}\"\n";
			showEnvVarsInLog = 0;
		};
		FCEEF52B36D0270B6CF15D94 /* [CP] Embed Pods Frameworks */ = {
			isa = PBXShellScriptBuildPhase;
			buildActionMask = 2147483647;
			files = (
			);
			inputPaths = (
				"${SRCROOT}/Pods/Target Support Files/Pods-TryNetworkLayer/Pods-TryNetworkLayer-frameworks.sh",
				"${BUILT_PRODUCTS_DIR}/Alamofire/Alamofire.framework",
				"${BUILT_PRODUCTS_DIR}/ObjectMapper/ObjectMapper.framework",
			);
			name = "[CP] Embed Pods Frameworks";
			outputPaths = (
				"${TARGET_BUILD_DIR}/${FRAMEWORKS_FOLDER_PATH}/Alamofire.framework",
				"${TARGET_BUILD_DIR}/${FRAMEWORKS_FOLDER_PATH}/ObjectMapper.framework",
			);
			runOnlyForDeploymentPostprocessing = 0;
			shellPath = /bin/sh;
			shellScript = "\"${SRCROOT}/Pods/Target Support Files/Pods-TryNetworkLayer/Pods-TryNetworkLayer-frameworks.sh\"\n";
			showEnvVarsInLog = 0;
		};
/* End PBXShellScriptBuildPhase section */

/* Begin PBXSourcesBuildPhase section */
		65BBB9431F4B3425001A378C /* Sources */ = {
			isa = PBXSourcesBuildPhase;
			buildActionMask = 2147483647;
			files = (
				65BBB98F1F4C20EF001A378C /* GHUser.swift in Sources */,
				65574E4F1F4CB28B000D717E /* GHSearchResponse.swift in Sources */,
				65BBB94D1F4B3425001A378C /* ViewController.swift in Sources */,
				65BBB98B1F4C1BFE001A378C /* UserRequests.swift in Sources */,
				65BBB98A1F4C1BFE001A378C /* Request.swift in Sources */,
				65BBB9891F4C1BFE001A378C /* Operation.swift in Sources */,
				65BBB98C1F4C1BFE001A378C /* Response.swift in Sources */,
				65BBB9881F4C1BFE001A378C /* UsersTask.swift in Sources */,
				65BBB9861F4C1BFE001A378C /* Environment.swift in Sources */,
				65BBB94B1F4B3425001A378C /* AppDelegate.swift in Sources */,
				65BBB9871F4C1BFE001A378C /* NetworkDispatcher.swift in Sources */,
				65BBB9851F4C1BFE001A378C /* Dispatcher.swift in Sources */,
			);
			runOnlyForDeploymentPostprocessing = 0;
		};
		65BBB9571F4B3425001A378C /* Sources */ = {
			isa = PBXSourcesBuildPhase;
			buildActionMask = 2147483647;
			files = (
				65BBB9601F4B3425001A378C /* UsersTaskTests.swift in Sources */,
			);
			runOnlyForDeploymentPostprocessing = 0;
		};
/* End PBXSourcesBuildPhase section */

/* Begin PBXTargetDependency section */
		65BBB95D1F4B3425001A378C /* PBXTargetDependency */ = {
			isa = PBXTargetDependency;
			target = 65BBB9461F4B3425001A378C /* TryNetworkLayer */;
			targetProxy = 65BBB95C1F4B3425001A378C /* PBXContainerItemProxy */;
		};
/* End PBXTargetDependency section */

/* Begin PBXVariantGroup section */
		65BBB94E1F4B3425001A378C /* Main.storyboard */ = {
			isa = PBXVariantGroup;
			children = (
				65BBB94F1F4B3425001A378C /* Base */,
			);
			name = Main.storyboard;
			sourceTree = "<group>";
		};
		65BBB9531F4B3425001A378C /* LaunchScreen.storyboard */ = {
			isa = PBXVariantGroup;
			children = (
				65BBB9541F4B3425001A378C /* Base */,
			);
			name = LaunchScreen.storyboard;
			sourceTree = "<group>";
		};
/* End PBXVariantGroup section */

/* Begin XCBuildConfiguration section */
		65BBB9621F4B3425001A378C /* Debug */ = {
			isa = XCBuildConfiguration;
			buildSettings = {
				ALWAYS_SEARCH_USER_PATHS = NO;
				CLANG_ANALYZER_NONNULL = YES;
				CLANG_ANALYZER_NUMBER_OBJECT_CONVERSION = YES_AGGRESSIVE;
				CLANG_CXX_LANGUAGE_STANDARD = "gnu++0x";
				CLANG_CXX_LIBRARY = "libc++";
				CLANG_ENABLE_MODULES = YES;
				CLANG_ENABLE_OBJC_ARC = YES;
				CLANG_WARN_BOOL_CONVERSION = YES;
				CLANG_WARN_CONSTANT_CONVERSION = YES;
				CLANG_WARN_DIRECT_OBJC_ISA_USAGE = YES_ERROR;
				CLANG_WARN_DOCUMENTATION_COMMENTS = YES;
				CLANG_WARN_EMPTY_BODY = YES;
				CLANG_WARN_ENUM_CONVERSION = YES;
				CLANG_WARN_INFINITE_RECURSION = YES;
				CLANG_WARN_INT_CONVERSION = YES;
				CLANG_WARN_OBJC_ROOT_CLASS = YES_ERROR;
				CLANG_WARN_SUSPICIOUS_MOVE = YES;
				CLANG_WARN_UNREACHABLE_CODE = YES;
				CLANG_WARN__DUPLICATE_METHOD_MATCH = YES;
				"CODE_SIGN_IDENTITY[sdk=iphoneos*]" = "iPhone Developer";
				COPY_PHASE_STRIP = NO;
				DEBUG_INFORMATION_FORMAT = dwarf;
				ENABLE_STRICT_OBJC_MSGSEND = YES;
				ENABLE_TESTABILITY = YES;
				GCC_C_LANGUAGE_STANDARD = gnu99;
				GCC_DYNAMIC_NO_PIC = NO;
				GCC_NO_COMMON_BLOCKS = YES;
				GCC_OPTIMIZATION_LEVEL = 0;
				GCC_PREPROCESSOR_DEFINITIONS = (
					"DEBUG=1",
					"$(inherited)",
				);
				GCC_WARN_64_TO_32_BIT_CONVERSION = YES;
				GCC_WARN_ABOUT_RETURN_TYPE = YES_ERROR;
				GCC_WARN_UNDECLARED_SELECTOR = YES;
				GCC_WARN_UNINITIALIZED_AUTOS = YES_AGGRESSIVE;
				GCC_WARN_UNUSED_FUNCTION = YES;
				GCC_WARN_UNUSED_VARIABLE = YES;
				IPHONEOS_DEPLOYMENT_TARGET = 10.3;
				MTL_ENABLE_DEBUG_INFO = YES;
				ONLY_ACTIVE_ARCH = YES;
				SDKROOT = iphoneos;
				SWIFT_ACTIVE_COMPILATION_CONDITIONS = DEBUG;
				SWIFT_OPTIMIZATION_LEVEL = "-Onone";
				TARGETED_DEVICE_FAMILY = "1,2";
			};
			name = Debug;
		};
		65BBB9631F4B3425001A378C /* Release */ = {
			isa = XCBuildConfiguration;
			buildSettings = {
				ALWAYS_SEARCH_USER_PATHS = NO;
				CLANG_ANALYZER_NONNULL = YES;
				CLANG_ANALYZER_NUMBER_OBJECT_CONVERSION = YES_AGGRESSIVE;
				CLANG_CXX_LANGUAGE_STANDARD = "gnu++0x";
				CLANG_CXX_LIBRARY = "libc++";
				CLANG_ENABLE_MODULES = YES;
				CLANG_ENABLE_OBJC_ARC = YES;
				CLANG_WARN_BOOL_CONVERSION = YES;
				CLANG_WARN_CONSTANT_CONVERSION = YES;
				CLANG_WARN_DIRECT_OBJC_ISA_USAGE = YES_ERROR;
				CLANG_WARN_DOCUMENTATION_COMMENTS = YES;
				CLANG_WARN_EMPTY_BODY = YES;
				CLANG_WARN_ENUM_CONVERSION = YES;
				CLANG_WARN_INFINITE_RECURSION = YES;
				CLANG_WARN_INT_CONVERSION = YES;
				CLANG_WARN_OBJC_ROOT_CLASS = YES_ERROR;
				CLANG_WARN_SUSPICIOUS_MOVE = YES;
				CLANG_WARN_UNREACHABLE_CODE = YES;
				CLANG_WARN__DUPLICATE_METHOD_MATCH = YES;
				"CODE_SIGN_IDENTITY[sdk=iphoneos*]" = "iPhone Developer";
				COPY_PHASE_STRIP = NO;
				DEBUG_INFORMATION_FORMAT = "dwarf-with-dsym";
				ENABLE_NS_ASSERTIONS = NO;
				ENABLE_STRICT_OBJC_MSGSEND = YES;
				GCC_C_LANGUAGE_STANDARD = gnu99;
				GCC_NO_COMMON_BLOCKS = YES;
				GCC_WARN_64_TO_32_BIT_CONVERSION = YES;
				GCC_WARN_ABOUT_RETURN_TYPE = YES_ERROR;
				GCC_WARN_UNDECLARED_SELECTOR = YES;
				GCC_WARN_UNINITIALIZED_AUTOS = YES_AGGRESSIVE;
				GCC_WARN_UNUSED_FUNCTION = YES;
				GCC_WARN_UNUSED_VARIABLE = YES;
				IPHONEOS_DEPLOYMENT_TARGET = 10.3;
				MTL_ENABLE_DEBUG_INFO = NO;
				SDKROOT = iphoneos;
				SWIFT_OPTIMIZATION_LEVEL = "-Owholemodule";
				TARGETED_DEVICE_FAMILY = "1,2";
				VALIDATE_PRODUCT = YES;
			};
			name = Release;
		};
		65BBB9651F4B3425001A378C /* Debug */ = {
			isa = XCBuildConfiguration;
			baseConfigurationReference = 481957511129CFD30FF2FAB7 /* Pods-TryNetworkLayer.debug.xcconfig */;
			buildSettings = {
				ASSETCATALOG_COMPILER_APPICON_NAME = AppIcon;
				DEVELOPMENT_TEAM = A2VGE7F94S;
				INFOPLIST_FILE = TryNetworkLayer/Info.plist;
				IPHONEOS_DEPLOYMENT_TARGET = 9.0;
				LD_RUNPATH_SEARCH_PATHS = "$(inherited) @executable_path/Frameworks";
				PRODUCT_BUNDLE_IDENTIFIER = com.as.TryNetworkLayer;
				PRODUCT_NAME = "$(TARGET_NAME)";
				SWIFT_VERSION = 3.0;
			};
			name = Debug;
		};
		65BBB9661F4B3425001A378C /* Release */ = {
			isa = XCBuildConfiguration;
			baseConfigurationReference = 70317769F58A0F7C9C02A880 /* Pods-TryNetworkLayer.release.xcconfig */;
			buildSettings = {
				ASSETCATALOG_COMPILER_APPICON_NAME = AppIcon;
				DEVELOPMENT_TEAM = A2VGE7F94S;
				INFOPLIST_FILE = TryNetworkLayer/Info.plist;
				IPHONEOS_DEPLOYMENT_TARGET = 9.0;
				LD_RUNPATH_SEARCH_PATHS = "$(inherited) @executable_path/Frameworks";
				PRODUCT_BUNDLE_IDENTIFIER = com.as.TryNetworkLayer;
				PRODUCT_NAME = "$(TARGET_NAME)";
				SWIFT_VERSION = 3.0;
			};
			name = Release;
		};
		65BBB9681F4B3425001A378C /* Debug */ = {
			isa = XCBuildConfiguration;
			baseConfigurationReference = 0836DE4AD52DBF6BA81CBA10 /* Pods-TryNetworkLayerTests.debug.xcconfig */;
			buildSettings = {
				ALWAYS_EMBED_SWIFT_STANDARD_LIBRARIES = YES;
				BUNDLE_LOADER = "$(TEST_HOST)";
				DEVELOPMENT_TEAM = A2VGE7F94S;
				INFOPLIST_FILE = TryNetworkLayerTests/Info.plist;
				LD_RUNPATH_SEARCH_PATHS = "$(inherited) @executable_path/Frameworks @loader_path/Frameworks";
				PRODUCT_BUNDLE_IDENTIFIER = com.as.TryNetworkLayerTests;
				PRODUCT_NAME = "$(TARGET_NAME)";
				SWIFT_VERSION = 3.0;
				TEST_HOST = "$(BUILT_PRODUCTS_DIR)/TryNetworkLayer.app/TryNetworkLayer";
			};
			name = Debug;
		};
		65BBB9691F4B3425001A378C /* Release */ = {
			isa = XCBuildConfiguration;
			baseConfigurationReference = F12E36E06B093B2BE5243A87 /* Pods-TryNetworkLayerTests.release.xcconfig */;
			buildSettings = {
				ALWAYS_EMBED_SWIFT_STANDARD_LIBRARIES = YES;
				BUNDLE_LOADER = "$(TEST_HOST)";
				DEVELOPMENT_TEAM = A2VGE7F94S;
				INFOPLIST_FILE = TryNetworkLayerTests/Info.plist;
				LD_RUNPATH_SEARCH_PATHS = "$(inherited) @executable_path/Frameworks @loader_path/Frameworks";
				PRODUCT_BUNDLE_IDENTIFIER = com.as.TryNetworkLayerTests;
				PRODUCT_NAME = "$(TARGET_NAME)";
				SWIFT_VERSION = 3.0;
				TEST_HOST = "$(BUILT_PRODUCTS_DIR)/TryNetworkLayer.app/TryNetworkLayer";
			};
			name = Release;
		};
/* End XCBuildConfiguration section */

/* Begin XCConfigurationList section */
		65BBB9421F4B3425001A378C /* Build configuration list for PBXProject "TryNetworkLayer" */ = {
			isa = XCConfigurationList;
			buildConfigurations = (
				65BBB9621F4B3425001A378C /* Debug */,
				65BBB9631F4B3425001A378C /* Release */,
			);
			defaultConfigurationIsVisible = 0;
			defaultConfigurationName = Release;
		};
		65BBB9641F4B3425001A378C /* Build configuration list for PBXNativeTarget "TryNetworkLayer" */ = {
			isa = XCConfigurationList;
			buildConfigurations = (
				65BBB9651F4B3425001A378C /* Debug */,
				65BBB9661F4B3425001A378C /* Release */,
			);
			defaultConfigurationIsVisible = 0;
			defaultConfigurationName = Release;
		};
		65BBB9671F4B3425001A378C /* Build configuration list for PBXNativeTarget "TryNetworkLayerTests" */ = {
			isa = XCConfigurationList;
			buildConfigurations = (
				65BBB9681F4B3425001A378C /* Debug */,
				65BBB9691F4B3425001A378C /* Release */,
			);
			defaultConfigurationIsVisible = 0;
			defaultConfigurationName = Release;
		};
/* End XCConfigurationList section */
	};
	rootObject = 65BBB93F1F4B3425001A378C /* Project object */;
}
